
Microsoft Visual Studio Solution File, Format Version 12.00
# Visual Studio Version 17
VisualStudioVersion = 17.4.33213.308
MinimumVisualStudioVersion = 10.0.40219.1
Project("{FAE04EC0-301F-11D3-BF4B-00C04F79EFBC}") = "Odev02_04_02_2023", "Odev02_04_02_2023.csproj", "{55AEAD8C-7838-4AD7-90E0-8E29BAD2C452}"
EndProject
Global
	GlobalSection(SolutionConfigurationPlatforms) = preSolution
		Debug|Any CPU = Debug|Any CPU
		Release|Any CPU = Release|Any CPU
	EndGlobalSection
	GlobalSection(ProjectConfigurationPlatforms) = postSolution
		{55AEAD8C-7838-4AD7-90E0-8E29BAD2C452}.Debug|Any CPU.ActiveCfg = Debug|Any CPU
		{55AEAD8C-7838-4AD7-90E0-8E29BAD2C452}.Debug|Any CPU.Build.0 = Debug|Any CPU
		{55AEAD8C-7838-4AD7-90E0-8E29BAD2C452}.Release|Any CPU.ActiveCfg = Release|Any CPU
		{55AEAD8C-7838-4AD7-90E0-8E29BAD2C452}.Release|Any CPU.Build.0 = Release|Any CPU
	EndGlobalSection
	GlobalSection(SolutionProperties) = preSolution
		HideSolutionNode = FALSE
	EndGlobalSection
	GlobalSection(ExtensibilityGlobals) = postSolution
		SolutionGuid = {14B3FD32-2DC1-488C-AF88-306086D1609A}
	EndGlobalSection
EndGlobal
