
Microsoft Visual Studio Solution File, Format Version 12.00
# Visual Studio Version 17
VisualStudioVersion = 17.4.33213.308
MinimumVisualStudioVersion = 10.0.40219.1
Project("{FAE04EC0-301F-11D3-BF4B-00C04F79EFBC}") = "Odev03_04_02_2023", "Odev03_04_02_2023.csproj", "{DF8DCFE8-0FC9-45BE-95C9-4FBCE3A2A4E8}"
EndProject
Global
	GlobalSection(SolutionConfigurationPlatforms) = preSolution
		Debug|Any CPU = Debug|Any CPU
		Release|Any CPU = Release|Any CPU
	EndGlobalSection
	GlobalSection(ProjectConfigurationPlatforms) = postSolution
		{DF8DCFE8-0FC9-45BE-95C9-4FBCE3A2A4E8}.Debug|Any CPU.ActiveCfg = Debug|Any CPU
		{DF8DCFE8-0FC9-45BE-95C9-4FBCE3A2A4E8}.Debug|Any CPU.Build.0 = Debug|Any CPU
		{DF8DCFE8-0FC9-45BE-95C9-4FBCE3A2A4E8}.Release|Any CPU.ActiveCfg = Release|Any CPU
		{DF8DCFE8-0FC9-45BE-95C9-4FBCE3A2A4E8}.Release|Any CPU.Build.0 = Release|Any CPU
	EndGlobalSection
	GlobalSection(SolutionProperties) = preSolution
		HideSolutionNode = FALSE
	EndGlobalSection
	GlobalSection(ExtensibilityGlobals) = postSolution
		SolutionGuid = {6F3E1152-8035-454E-944A-F743E5261C8A}
	EndGlobalSection
EndGlobal
